// !$*UTF8*$!
{
	archiveVersion = 1;
	classes = {
	};
	objectVersion = 70;
	objects = {

/* Begin PBXBuildFile section */
		982857782DA179C800770B45 /* Settings.swift in Sources */ = {isa = PBXBuildFile; fileRef = 982857772DA179C800770B45 /* Settings.swift */; };
		9828577A2DA17A1700770B45 /* SettingsView.swift in Sources */ = {isa = PBXBuildFile; fileRef = 982857792DA17A1700770B45 /* SettingsView.swift */; };
		984AE8392D9904ED00DBCEDA /* PixelBabelApp.swift in Sources */ = {isa = PBXBuildFile; fileRef = 984AE8382D9904ED00DBCEDA /* PixelBabelApp.swift */; };
		984AE83B2D9904ED00DBCEDA /* ContentView.swift in Sources */ = {isa = PBXBuildFile; fileRef = 984AE83A2D9904ED00DBCEDA /* ContentView.swift */; };
		984AE83D2D9904EE00DBCEDA /* Assets.xcassets in Resources */ = {isa = PBXBuildFile; fileRef = 984AE83C2D9904EE00DBCEDA /* Assets.xcassets */; };
		984AE84A2D9904EE00DBCEDA /* PixelBabelTests.swift in Sources */ = {isa = PBXBuildFile; fileRef = 984AE8492D9904EE00DBCEDA /* PixelBabelTests.swift */; };
		984AE8542D9904EE00DBCEDA /* PixelBabelUITests.swift in Sources */ = {isa = PBXBuildFile; fileRef = 984AE8532D9904EE00DBCEDA /* PixelBabelUITests.swift */; };
		984AE8562D9904EE00DBCEDA /* PixelBabelUITestsLaunchTests.swift in Sources */ = {isa = PBXBuildFile; fileRef = 984AE8552D9904EE00DBCEDA /* PixelBabelUITestsLaunchTests.swift */; };
		98E4C1102DE9F2960000F560 /* LifeCellGridView.swift in Sources */ = {isa = PBXBuildFile; fileRef = 98E4C10F2DE9F28F0000F560 /* LifeCellGridView.swift */; };
		98F98D0E2DBBACD1003FF91D /* LifeCell.swift in Sources */ = {isa = PBXBuildFile; fileRef = 98F98D0D2DBBACD1003FF91D /* LifeCell.swift */; };
		98F98D232DBBCB81003FF91D /* Utils.framework in Frameworks */ = {isa = PBXBuildFile; fileRef = 98F98D182DBBCB81003FF91D /* Utils.framework */; };
		98F98D2D2DBBCB81003FF91D /* Utils.framework in Frameworks */ = {isa = PBXBuildFile; fileRef = 98F98D182DBBCB81003FF91D /* Utils.framework */; };
		98F98D2E2DBBCB81003FF91D /* Utils.framework in Embed Frameworks */ = {isa = PBXBuildFile; fileRef = 98F98D182DBBCB81003FF91D /* Utils.framework */; settings = {ATTRIBUTES = (CodeSignOnCopy, RemoveHeadersOnCopy, ); }; };
		98FFBFDC2DBEBDD400C161DB /* CelLGridView.framework in Frameworks */ = {isa = PBXBuildFile; fileRef = 98FFBFD12DBEBDD400C161DB /* CelLGridView.framework */; };
		98FFBFE62DBEBDD400C161DB /* CelLGridView.framework in Frameworks */ = {isa = PBXBuildFile; fileRef = 98FFBFD12DBEBDD400C161DB /* CelLGridView.framework */; };
		98FFBFE72DBEBDD400C161DB /* CelLGridView.framework in Embed Frameworks */ = {isa = PBXBuildFile; fileRef = 98FFBFD12DBEBDD400C161DB /* CelLGridView.framework */; settings = {ATTRIBUTES = (CodeSignOnCopy, RemoveHeadersOnCopy, ); }; };
		98FFBFF52DBFB96800C161DB /* LifeSettings.swift in Sources */ = {isa = PBXBuildFile; fileRef = 98FFBFF42DBFB96800C161DB /* LifeSettings.swift */; };
/* End PBXBuildFile section */

/* Begin PBXContainerItemProxy section */
		984AE8462D9904EE00DBCEDA /* PBXContainerItemProxy */ = {
			isa = PBXContainerItemProxy;
			containerPortal = 984AE82D2D9904ED00DBCEDA /* Project object */;
			proxyType = 1;
			remoteGlobalIDString = 984AE8342D9904ED00DBCEDA;
			remoteInfo = PixelBabel;
		};
		984AE8502D9904EE00DBCEDA /* PBXContainerItemProxy */ = {
			isa = PBXContainerItemProxy;
			containerPortal = 984AE82D2D9904ED00DBCEDA /* Project object */;
			proxyType = 1;
			remoteGlobalIDString = 984AE8342D9904ED00DBCEDA;
			remoteInfo = PixelBabel;
		};
		98F98D242DBBCB81003FF91D /* PBXContainerItemProxy */ = {
			isa = PBXContainerItemProxy;
			containerPortal = 984AE82D2D9904ED00DBCEDA /* Project object */;
			proxyType = 1;
			remoteGlobalIDString = 98F98D172DBBCB81003FF91D;
			remoteInfo = Utils;
		};
		98F98D262DBBCB81003FF91D /* PBXContainerItemProxy */ = {
			isa = PBXContainerItemProxy;
			containerPortal = 984AE82D2D9904ED00DBCEDA /* Project object */;
			proxyType = 1;
			remoteGlobalIDString = 984AE8342D9904ED00DBCEDA;
			remoteInfo = PixelBabel;
		};
		98F98D2B2DBBCB81003FF91D /* PBXContainerItemProxy */ = {
			isa = PBXContainerItemProxy;
			containerPortal = 984AE82D2D9904ED00DBCEDA /* Project object */;
			proxyType = 1;
			remoteGlobalIDString = 98F98D172DBBCB81003FF91D;
			remoteInfo = Utils;
		};
		98FFBFDD2DBEBDD400C161DB /* PBXContainerItemProxy */ = {
			isa = PBXContainerItemProxy;
			containerPortal = 984AE82D2D9904ED00DBCEDA /* Project object */;
			proxyType = 1;
			remoteGlobalIDString = 98FFBFD02DBEBDD400C161DB;
			remoteInfo = CelLGridView;
		};
		98FFBFDF2DBEBDD400C161DB /* PBXContainerItemProxy */ = {
			isa = PBXContainerItemProxy;
			containerPortal = 984AE82D2D9904ED00DBCEDA /* Project object */;
			proxyType = 1;
			remoteGlobalIDString = 984AE8342D9904ED00DBCEDA;
			remoteInfo = PixelBabel;
		};
		98FFBFE42DBEBDD400C161DB /* PBXContainerItemProxy */ = {
			isa = PBXContainerItemProxy;
			containerPortal = 984AE82D2D9904ED00DBCEDA /* Project object */;
			proxyType = 1;
			remoteGlobalIDString = 98FFBFD02DBEBDD400C161DB;
			remoteInfo = CelLGridView;
		};
/* End PBXContainerItemProxy section */

/* Begin PBXCopyFilesBuildPhase section */
		98F98D322DBBCB81003FF91D /* Embed Frameworks */ = {
			isa = PBXCopyFilesBuildPhase;
			buildActionMask = 2147483647;
			dstPath = "";
			dstSubfolderSpec = 10;
			files = (
				98FFBFE72DBEBDD400C161DB /* CelLGridView.framework in Embed Frameworks */,
				98F98D2E2DBBCB81003FF91D /* Utils.framework in Embed Frameworks */,
			);
			name = "Embed Frameworks";
			runOnlyForDeploymentPostprocessing = 0;
		};
/* End PBXCopyFilesBuildPhase section */

/* Begin PBXFileReference section */
		982857772DA179C800770B45 /* Settings.swift */ = {isa = PBXFileReference; fileEncoding = 4; lastKnownFileType = sourcecode.swift; path = Settings.swift; sourceTree = "<group>"; };
		982857792DA17A1700770B45 /* SettingsView.swift */ = {isa = PBXFileReference; fileEncoding = 4; lastKnownFileType = sourcecode.swift; path = SettingsView.swift; sourceTree = "<group>"; };
		984AE8352D9904ED00DBCEDA /* PixelBabel.app */ = {isa = PBXFileReference; explicitFileType = wrapper.application; includeInIndex = 0; path = PixelBabel.app; sourceTree = BUILT_PRODUCTS_DIR; };
		984AE8382D9904ED00DBCEDA /* PixelBabelApp.swift */ = {isa = PBXFileReference; lastKnownFileType = sourcecode.swift; path = PixelBabelApp.swift; sourceTree = "<group>"; };
		984AE83A2D9904ED00DBCEDA /* ContentView.swift */ = {isa = PBXFileReference; lastKnownFileType = sourcecode.swift; path = ContentView.swift; sourceTree = "<group>"; };
		984AE83C2D9904EE00DBCEDA /* Assets.xcassets */ = {isa = PBXFileReference; lastKnownFileType = folder.assetcatalog; path = Assets.xcassets; sourceTree = "<group>"; };
		984AE8452D9904EE00DBCEDA /* PixelBabelTests.xctest */ = {isa = PBXFileReference; explicitFileType = wrapper.cfbundle; includeInIndex = 0; path = PixelBabelTests.xctest; sourceTree = BUILT_PRODUCTS_DIR; };
		984AE8492D9904EE00DBCEDA /* PixelBabelTests.swift */ = {isa = PBXFileReference; lastKnownFileType = sourcecode.swift; path = PixelBabelTests.swift; sourceTree = "<group>"; };
		984AE84F2D9904EE00DBCEDA /* PixelBabelUITests.xctest */ = {isa = PBXFileReference; explicitFileType = wrapper.cfbundle; includeInIndex = 0; path = PixelBabelUITests.xctest; sourceTree = BUILT_PRODUCTS_DIR; };
		984AE8532D9904EE00DBCEDA /* PixelBabelUITests.swift */ = {isa = PBXFileReference; lastKnownFileType = sourcecode.swift; path = PixelBabelUITests.swift; sourceTree = "<group>"; };
		984AE8552D9904EE00DBCEDA /* PixelBabelUITestsLaunchTests.swift */ = {isa = PBXFileReference; lastKnownFileType = sourcecode.swift; path = PixelBabelUITestsLaunchTests.swift; sourceTree = "<group>"; };
		98E4C10F2DE9F28F0000F560 /* LifeCellGridView.swift */ = {isa = PBXFileReference; lastKnownFileType = sourcecode.swift; path = LifeCellGridView.swift; sourceTree = "<group>"; };
		98F98D0D2DBBACD1003FF91D /* LifeCell.swift */ = {isa = PBXFileReference; lastKnownFileType = sourcecode.swift; path = LifeCell.swift; sourceTree = "<group>"; };
		98F98D182DBBCB81003FF91D /* Utils.framework */ = {isa = PBXFileReference; explicitFileType = wrapper.framework; includeInIndex = 0; path = Utils.framework; sourceTree = BUILT_PRODUCTS_DIR; };
		98F98D222DBBCB81003FF91D /* UtilsTests.xctest */ = {isa = PBXFileReference; explicitFileType = wrapper.cfbundle; includeInIndex = 0; path = UtilsTests.xctest; sourceTree = BUILT_PRODUCTS_DIR; };
		98FFBFD12DBEBDD400C161DB /* CelLGridView.framework */ = {isa = PBXFileReference; explicitFileType = wrapper.framework; includeInIndex = 0; path = CelLGridView.framework; sourceTree = BUILT_PRODUCTS_DIR; };
		98FFBFDB2DBEBDD400C161DB /* CellGridTests.xctest */ = {isa = PBXFileReference; explicitFileType = wrapper.cfbundle; includeInIndex = 0; path = CellGridTests.xctest; sourceTree = BUILT_PRODUCTS_DIR; };
		98FFBFF42DBFB96800C161DB /* LifeSettings.swift */ = {isa = PBXFileReference; lastKnownFileType = sourcecode.swift; path = LifeSettings.swift; sourceTree = "<group>"; };
/* End PBXFileReference section */

/* Begin PBXFileSystemSynchronizedBuildFileExceptionSet section */
		98FFBFEE2DBEBDF400C161DB /* PBXFileSystemSynchronizedBuildFileExceptionSet */ = {
			isa = PBXFileSystemSynchronizedBuildFileExceptionSet;
			membershipExceptions = (
				Cell.swift,
				CellColor.swift,
				CellColorMode.swift,
				CellGridView.swift,
				"CellGridView+Actions.swift",
				"CellGridView+BufferBlocks.swift",
				"CellGridView+Cells.swift",
				"CellGridView+Debug.swift",
				"CellGridView+Drag.swift",
				"CellGridView+Image.swift",
				"CellGridView+Locations.swift",
				"CellGridView+PreferredSize.swift",
				"CellGridView+Zoom.swift",
				CellLocation.swift,
				CellShape.swift,
				ViewPoint.swift,
			);
			target = 984AE8342D9904ED00DBCEDA /* PixelBabel */;
		};
		98FFBFEF2DBEBDF400C161DB /* PBXFileSystemSynchronizedBuildFileExceptionSet */ = {
			isa = PBXFileSystemSynchronizedBuildFileExceptionSet;
			membershipExceptions = (
				Cell.swift,
				CellColor.swift,
				CellColorMode.swift,
				CellGridView.swift,
				"CellGridView+Actions.swift",
				"CellGridView+BufferBlocks.swift",
				"CellGridView+Cells.swift",
				"CellGridView+Debug.swift",
				"CellGridView+Drag.swift",
				"CellGridView+Image.swift",
				"CellGridView+Locations.swift",
				"CellGridView+PreferredSize.swift",
				"CellGridView+Zoom.swift",
				CellLocation.swift,
				CellShape.swift,
				ViewPoint.swift,
			);
			target = 98FFBFD02DBEBDD400C161DB /* CelLGridView */;
		};
/* End PBXFileSystemSynchronizedBuildFileExceptionSet section */

/* Begin PBXFileSystemSynchronizedRootGroup section */
		98F98D192DBBCB81003FF91D /* Utils */ = {isa = PBXFileSystemSynchronizedRootGroup; explicitFileTypes = {}; explicitFolders = (); path = Utils; sourceTree = "<group>"; };
		98F98D282DBBCB81003FF91D /* UtilsTests */ = {isa = PBXFileSystemSynchronizedRootGroup; explicitFileTypes = {}; explicitFolders = (); path = UtilsTests; sourceTree = "<group>"; };
		98FFBFD22DBEBDD400C161DB /* CellGridView */ = {isa = PBXFileSystemSynchronizedRootGroup; exceptions = (98FFBFEE2DBEBDF400C161DB /* PBXFileSystemSynchronizedBuildFileExceptionSet */, 98FFBFEF2DBEBDF400C161DB /* PBXFileSystemSynchronizedBuildFileExceptionSet */, ); explicitFileTypes = {}; explicitFolders = (); path = CellGridView; sourceTree = "<group>"; };
		98FFBFE12DBEBDD400C161DB /* CellGridViewTests */ = {isa = PBXFileSystemSynchronizedRootGroup; explicitFileTypes = {}; explicitFolders = (); path = CellGridViewTests; sourceTree = "<group>"; };
/* End PBXFileSystemSynchronizedRootGroup section */

/* Begin PBXFrameworksBuildPhase section */
		984AE8322D9904ED00DBCEDA /* Frameworks */ = {
			isa = PBXFrameworksBuildPhase;
			buildActionMask = 2147483647;
			files = (
				98FFBFE62DBEBDD400C161DB /* CelLGridView.framework in Frameworks */,
				98F98D2D2DBBCB81003FF91D /* Utils.framework in Frameworks */,
			);
			runOnlyForDeploymentPostprocessing = 0;
		};
		984AE8422D9904EE00DBCEDA /* Frameworks */ = {
			isa = PBXFrameworksBuildPhase;
			buildActionMask = 2147483647;
			files = (
			);
			runOnlyForDeploymentPostprocessing = 0;
		};
		984AE84C2D9904EE00DBCEDA /* Frameworks */ = {
			isa = PBXFrameworksBuildPhase;
			buildActionMask = 2147483647;
			files = (
			);
			runOnlyForDeploymentPostprocessing = 0;
		};
		98F98D152DBBCB81003FF91D /* Frameworks */ = {
			isa = PBXFrameworksBuildPhase;
			buildActionMask = 2147483647;
			files = (
			);
			runOnlyForDeploymentPostprocessing = 0;
		};
		98F98D1F2DBBCB81003FF91D /* Frameworks */ = {
			isa = PBXFrameworksBuildPhase;
			buildActionMask = 2147483647;
			files = (
				98F98D232DBBCB81003FF91D /* Utils.framework in Frameworks */,
			);
			runOnlyForDeploymentPostprocessing = 0;
		};
		98FFBFCE2DBEBDD400C161DB /* Frameworks */ = {
			isa = PBXFrameworksBuildPhase;
			buildActionMask = 2147483647;
			files = (
			);
			runOnlyForDeploymentPostprocessing = 0;
		};
		98FFBFD82DBEBDD400C161DB /* Frameworks */ = {
			isa = PBXFrameworksBuildPhase;
			buildActionMask = 2147483647;
			files = (
				98FFBFDC2DBEBDD400C161DB /* CelLGridView.framework in Frameworks */,
			);
			runOnlyForDeploymentPostprocessing = 0;
		};
/* End PBXFrameworksBuildPhase section */

/* Begin PBXGroup section */
		984AE82C2D9904ED00DBCEDA = {
			isa = PBXGroup;
			children = (
				984AE8372D9904ED00DBCEDA /* PixelBabel */,
				984AE8482D9904EE00DBCEDA /* PixelBabelTests */,
				984AE8522D9904EE00DBCEDA /* PixelBabelUITests */,
				98F98D192DBBCB81003FF91D /* Utils */,
				98F98D282DBBCB81003FF91D /* UtilsTests */,
				98FFBFD22DBEBDD400C161DB /* CellGridView */,
				98FFBFE12DBEBDD400C161DB /* CellGridViewTests */,
				984AE8362D9904ED00DBCEDA /* Products */,
			);
			sourceTree = "<group>";
		};
		984AE8362D9904ED00DBCEDA /* Products */ = {
			isa = PBXGroup;
			children = (
				984AE8352D9904ED00DBCEDA /* PixelBabel.app */,
				984AE8452D9904EE00DBCEDA /* PixelBabelTests.xctest */,
				984AE84F2D9904EE00DBCEDA /* PixelBabelUITests.xctest */,
				98F98D182DBBCB81003FF91D /* Utils.framework */,
				98F98D222DBBCB81003FF91D /* UtilsTests.xctest */,
				98FFBFD12DBEBDD400C161DB /* CelLGridView.framework */,
				98FFBFDB2DBEBDD400C161DB /* CellGridTests.xctest */,
			);
			name = Products;
			sourceTree = "<group>";
		};
		984AE8372D9904ED00DBCEDA /* PixelBabel */ = {
			isa = PBXGroup;
			children = (
				98C0FC672DAA859E004D5C43 /* Preview Content */,
				984AE83C2D9904EE00DBCEDA /* Assets.xcassets */,
				984AE83A2D9904ED00DBCEDA /* ContentView.swift */,
				98F98D0D2DBBACD1003FF91D /* LifeCell.swift */,
				98E4C10F2DE9F28F0000F560 /* LifeCellGridView.swift */,
				98FFBFF42DBFB96800C161DB /* LifeSettings.swift */,
				984AE8382D9904ED00DBCEDA /* PixelBabelApp.swift */,
				982857772DA179C800770B45 /* Settings.swift */,
				982857792DA17A1700770B45 /* SettingsView.swift */,
			);
			path = PixelBabel;
			sourceTree = "<group>";
		};
		984AE8482D9904EE00DBCEDA /* PixelBabelTests */ = {
			isa = PBXGroup;
			children = (
				984AE8492D9904EE00DBCEDA /* PixelBabelTests.swift */,
			);
			path = PixelBabelTests;
			sourceTree = "<group>";
		};
		984AE8522D9904EE00DBCEDA /* PixelBabelUITests */ = {
			isa = PBXGroup;
			children = (
				984AE8532D9904EE00DBCEDA /* PixelBabelUITests.swift */,
				984AE8552D9904EE00DBCEDA /* PixelBabelUITestsLaunchTests.swift */,
			);
			path = PixelBabelUITests;
			sourceTree = "<group>";
		};
		98C0FC672DAA859E004D5C43 /* Preview Content */ = {
			isa = PBXGroup;
			children = (
			);
			path = "Preview Content";
			sourceTree = "<group>";
		};
/* End PBXGroup section */

/* Begin PBXHeadersBuildPhase section */
		98F98D132DBBCB81003FF91D /* Headers */ = {
			isa = PBXHeadersBuildPhase;
			buildActionMask = 2147483647;
			files = (
			);
			runOnlyForDeploymentPostprocessing = 0;
		};
		98FFBFCC2DBEBDD400C161DB /* Headers */ = {
			isa = PBXHeadersBuildPhase;
			buildActionMask = 2147483647;
			files = (
			);
			runOnlyForDeploymentPostprocessing = 0;
		};
/* End PBXHeadersBuildPhase section */

/* Begin PBXNativeTarget section */
		984AE8342D9904ED00DBCEDA /* PixelBabel */ = {
			isa = PBXNativeTarget;
			buildConfigurationList = 984AE8592D9904EE00DBCEDA /* Build configuration list for PBXNativeTarget "PixelBabel" */;
			buildPhases = (
				984AE8312D9904ED00DBCEDA /* Sources */,
				984AE8322D9904ED00DBCEDA /* Frameworks */,
				984AE8332D9904ED00DBCEDA /* Resources */,
				98F98D322DBBCB81003FF91D /* Embed Frameworks */,
			);
			buildRules = (
			);
			dependencies = (
				98F98D2C2DBBCB81003FF91D /* PBXTargetDependency */,
				98FFBFE52DBEBDD400C161DB /* PBXTargetDependency */,
			);
			name = PixelBabel;
			productName = PixelBabel;
			productReference = 984AE8352D9904ED00DBCEDA /* PixelBabel.app */;
			productType = "com.apple.product-type.application";
		};
		984AE8442D9904EE00DBCEDA /* PixelBabelTests */ = {
			isa = PBXNativeTarget;
			buildConfigurationList = 984AE85C2D9904EE00DBCEDA /* Build configuration list for PBXNativeTarget "PixelBabelTests" */;
			buildPhases = (
				984AE8412D9904EE00DBCEDA /* Sources */,
				984AE8422D9904EE00DBCEDA /* Frameworks */,
				984AE8432D9904EE00DBCEDA /* Resources */,
			);
			buildRules = (
			);
			dependencies = (
				984AE8472D9904EE00DBCEDA /* PBXTargetDependency */,
			);
			name = PixelBabelTests;
			productName = PixelBabelTests;
			productReference = 984AE8452D9904EE00DBCEDA /* PixelBabelTests.xctest */;
			productType = "com.apple.product-type.bundle.unit-test";
		};
		984AE84E2D9904EE00DBCEDA /* PixelBabelUITests */ = {
			isa = PBXNativeTarget;
			buildConfigurationList = 984AE85F2D9904EE00DBCEDA /* Build configuration list for PBXNativeTarget "PixelBabelUITests" */;
			buildPhases = (
				984AE84B2D9904EE00DBCEDA /* Sources */,
				984AE84C2D9904EE00DBCEDA /* Frameworks */,
				984AE84D2D9904EE00DBCEDA /* Resources */,
			);
			buildRules = (
			);
			dependencies = (
				984AE8512D9904EE00DBCEDA /* PBXTargetDependency */,
			);
			name = PixelBabelUITests;
			productName = PixelBabelUITests;
			productReference = 984AE84F2D9904EE00DBCEDA /* PixelBabelUITests.xctest */;
			productType = "com.apple.product-type.bundle.ui-testing";
		};
		98F98D172DBBCB81003FF91D /* Utils */ = {
			isa = PBXNativeTarget;
			buildConfigurationList = 98F98D2F2DBBCB81003FF91D /* Build configuration list for PBXNativeTarget "Utils" */;
			buildPhases = (
				98F98D132DBBCB81003FF91D /* Headers */,
				98F98D142DBBCB81003FF91D /* Sources */,
				98F98D152DBBCB81003FF91D /* Frameworks */,
				98F98D162DBBCB81003FF91D /* Resources */,
			);
			buildRules = (
			);
			dependencies = (
			);
			fileSystemSynchronizedGroups = (
				98F98D192DBBCB81003FF91D /* Utils */,
			);
			name = Utils;
			packageProductDependencies = (
			);
			productName = Utils;
			productReference = 98F98D182DBBCB81003FF91D /* Utils.framework */;
			productType = "com.apple.product-type.framework";
		};
		98F98D212DBBCB81003FF91D /* UtilsTests */ = {
			isa = PBXNativeTarget;
			buildConfigurationList = 98F98D332DBBCB81003FF91D /* Build configuration list for PBXNativeTarget "UtilsTests" */;
			buildPhases = (
				98F98D1E2DBBCB81003FF91D /* Sources */,
				98F98D1F2DBBCB81003FF91D /* Frameworks */,
				98F98D202DBBCB81003FF91D /* Resources */,
			);
			buildRules = (
			);
			dependencies = (
				98F98D252DBBCB81003FF91D /* PBXTargetDependency */,
				98F98D272DBBCB81003FF91D /* PBXTargetDependency */,
			);
			fileSystemSynchronizedGroups = (
				98F98D282DBBCB81003FF91D /* UtilsTests */,
			);
			name = UtilsTests;
			packageProductDependencies = (
			);
			productName = UtilsTests;
			productReference = 98F98D222DBBCB81003FF91D /* UtilsTests.xctest */;
			productType = "com.apple.product-type.bundle.unit-test";
		};
		98FFBFD02DBEBDD400C161DB /* CelLGridView */ = {
			isa = PBXNativeTarget;
			buildConfigurationList = 98FFBFEC2DBEBDD400C161DB /* Build configuration list for PBXNativeTarget "CelLGridView" */;
			buildPhases = (
				98FFBFCC2DBEBDD400C161DB /* Headers */,
				98FFBFCD2DBEBDD400C161DB /* Sources */,
				98FFBFCE2DBEBDD400C161DB /* Frameworks */,
				98FFBFCF2DBEBDD400C161DB /* Resources */,
			);
			buildRules = (
			);
			dependencies = (
			);
			fileSystemSynchronizedGroups = (
				98FFBFD22DBEBDD400C161DB /* CellGridView */,
			);
			name = CelLGridView;
			packageProductDependencies = (
			);
			productName = CelLGridView;
			productReference = 98FFBFD12DBEBDD400C161DB /* CelLGridView.framework */;
			productType = "com.apple.product-type.framework";
		};
		98FFBFDA2DBEBDD400C161DB /* CellGridTests */ = {
			isa = PBXNativeTarget;
			buildConfigurationList = 98FFBFED2DBEBDD400C161DB /* Build configuration list for PBXNativeTarget "CellGridTests" */;
			buildPhases = (
				98FFBFD72DBEBDD400C161DB /* Sources */,
				98FFBFD82DBEBDD400C161DB /* Frameworks */,
				98FFBFD92DBEBDD400C161DB /* Resources */,
			);
			buildRules = (
			);
			dependencies = (
				98FFBFDE2DBEBDD400C161DB /* PBXTargetDependency */,
				98FFBFE02DBEBDD400C161DB /* PBXTargetDependency */,
			);
			fileSystemSynchronizedGroups = (
				98FFBFE12DBEBDD400C161DB /* CellGridViewTests */,
			);
			name = CellGridTests;
			packageProductDependencies = (
			);
			productName = CellGridTests;
			productReference = 98FFBFDB2DBEBDD400C161DB /* CellGridTests.xctest */;
			productType = "com.apple.product-type.bundle.unit-test";
		};
/* End PBXNativeTarget section */

/* Begin PBXProject section */
		984AE82D2D9904ED00DBCEDA /* Project object */ = {
			isa = PBXProject;
			attributes = {
				BuildIndependentTargetsInParallel = 1;
				LastSwiftUpdateCheck = 1630;
				LastUpgradeCheck = 1630;
				TargetAttributes = {
					984AE8342D9904ED00DBCEDA = {
						CreatedOnToolsVersion = 15.4;
					};
					984AE8442D9904EE00DBCEDA = {
						CreatedOnToolsVersion = 15.4;
						TestTargetID = 984AE8342D9904ED00DBCEDA;
					};
					984AE84E2D9904EE00DBCEDA = {
						CreatedOnToolsVersion = 15.4;
						TestTargetID = 984AE8342D9904ED00DBCEDA;
					};
					98F98D172DBBCB81003FF91D = {
						CreatedOnToolsVersion = 16.3;
					};
					98F98D212DBBCB81003FF91D = {
						CreatedOnToolsVersion = 16.3;
						TestTargetID = 984AE8342D9904ED00DBCEDA;
					};
					98FFBFD02DBEBDD400C161DB = {
						CreatedOnToolsVersion = 16.3;
					};
					98FFBFDA2DBEBDD400C161DB = {
						CreatedOnToolsVersion = 16.3;
						TestTargetID = 984AE8342D9904ED00DBCEDA;
					};
				};
			};
			buildConfigurationList = 984AE8302D9904ED00DBCEDA /* Build configuration list for PBXProject "PixelBabel" */;
			compatibilityVersion = "Xcode 14.0";
			developmentRegion = en;
			hasScannedForEncodings = 0;
			knownRegions = (
				en,
				Base,
			);
			mainGroup = 984AE82C2D9904ED00DBCEDA;
			productRefGroup = 984AE8362D9904ED00DBCEDA /* Products */;
			projectDirPath = "";
			projectRoot = "";
			targets = (
				984AE8342D9904ED00DBCEDA /* PixelBabel */,
				984AE8442D9904EE00DBCEDA /* PixelBabelTests */,
				984AE84E2D9904EE00DBCEDA /* PixelBabelUITests */,
				98F98D172DBBCB81003FF91D /* Utils */,
				98F98D212DBBCB81003FF91D /* UtilsTests */,
				98FFBFD02DBEBDD400C161DB /* CelLGridView */,
				98FFBFDA2DBEBDD400C161DB /* CellGridTests */,
			);
		};
/* End PBXProject section */

/* Begin PBXResourcesBuildPhase section */
		984AE8332D9904ED00DBCEDA /* Resources */ = {
			isa = PBXResourcesBuildPhase;
			buildActionMask = 2147483647;
			files = (
				984AE83D2D9904EE00DBCEDA /* Assets.xcassets in Resources */,
			);
			runOnlyForDeploymentPostprocessing = 0;
		};
		984AE8432D9904EE00DBCEDA /* Resources */ = {
			isa = PBXResourcesBuildPhase;
			buildActionMask = 2147483647;
			files = (
			);
			runOnlyForDeploymentPostprocessing = 0;
		};
		984AE84D2D9904EE00DBCEDA /* Resources */ = {
			isa = PBXResourcesBuildPhase;
			buildActionMask = 2147483647;
			files = (
			);
			runOnlyForDeploymentPostprocessing = 0;
		};
		98F98D162DBBCB81003FF91D /* Resources */ = {
			isa = PBXResourcesBuildPhase;
			buildActionMask = 2147483647;
			files = (
			);
			runOnlyForDeploymentPostprocessing = 0;
		};
		98F98D202DBBCB81003FF91D /* Resources */ = {
			isa = PBXResourcesBuildPhase;
			buildActionMask = 2147483647;
			files = (
			);
			runOnlyForDeploymentPostprocessing = 0;
		};
		98FFBFCF2DBEBDD400C161DB /* Resources */ = {
			isa = PBXResourcesBuildPhase;
			buildActionMask = 2147483647;
			files = (
			);
			runOnlyForDeploymentPostprocessing = 0;
		};
		98FFBFD92DBEBDD400C161DB /* Resources */ = {
			isa = PBXResourcesBuildPhase;
			buildActionMask = 2147483647;
			files = (
			);
			runOnlyForDeploymentPostprocessing = 0;
		};
/* End PBXResourcesBuildPhase section */

/* Begin PBXSourcesBuildPhase section */
		984AE8312D9904ED00DBCEDA /* Sources */ = {
			isa = PBXSourcesBuildPhase;
			buildActionMask = 2147483647;
			files = (
				98F98D0E2DBBACD1003FF91D /* LifeCell.swift in Sources */,
				9828577A2DA17A1700770B45 /* SettingsView.swift in Sources */,
				984AE83B2D9904ED00DBCEDA /* ContentView.swift in Sources */,
				98FFBFF52DBFB96800C161DB /* LifeSettings.swift in Sources */,
				98E4C1102DE9F2960000F560 /* LifeCellGridView.swift in Sources */,
				984AE8392D9904ED00DBCEDA /* PixelBabelApp.swift in Sources */,
				982857782DA179C800770B45 /* Settings.swift in Sources */,
			);
			runOnlyForDeploymentPostprocessing = 0;
		};
		984AE8412D9904EE00DBCEDA /* Sources */ = {
			isa = PBXSourcesBuildPhase;
			buildActionMask = 2147483647;
			files = (
				984AE84A2D9904EE00DBCEDA /* PixelBabelTests.swift in Sources */,
			);
			runOnlyForDeploymentPostprocessing = 0;
		};
		984AE84B2D9904EE00DBCEDA /* Sources */ = {
			isa = PBXSourcesBuildPhase;
			buildActionMask = 2147483647;
			files = (
				984AE8562D9904EE00DBCEDA /* PixelBabelUITestsLaunchTests.swift in Sources */,
				984AE8542D9904EE00DBCEDA /* PixelBabelUITests.swift in Sources */,
			);
			runOnlyForDeploymentPostprocessing = 0;
		};
		98F98D142DBBCB81003FF91D /* Sources */ = {
			isa = PBXSourcesBuildPhase;
			buildActionMask = 2147483647;
			files = (
			);
			runOnlyForDeploymentPostprocessing = 0;
		};
		98F98D1E2DBBCB81003FF91D /* Sources */ = {
			isa = PBXSourcesBuildPhase;
			buildActionMask = 2147483647;
			files = (
			);
			runOnlyForDeploymentPostprocessing = 0;
		};
		98FFBFCD2DBEBDD400C161DB /* Sources */ = {
			isa = PBXSourcesBuildPhase;
			buildActionMask = 2147483647;
			files = (
			);
			runOnlyForDeploymentPostprocessing = 0;
		};
		98FFBFD72DBEBDD400C161DB /* Sources */ = {
			isa = PBXSourcesBuildPhase;
			buildActionMask = 2147483647;
			files = (
			);
			runOnlyForDeploymentPostprocessing = 0;
		};
/* End PBXSourcesBuildPhase section */

/* Begin PBXTargetDependency section */
		984AE8472D9904EE00DBCEDA /* PBXTargetDependency */ = {
			isa = PBXTargetDependency;
			target = 984AE8342D9904ED00DBCEDA /* PixelBabel */;
			targetProxy = 984AE8462D9904EE00DBCEDA /* PBXContainerItemProxy */;
		};
		984AE8512D9904EE00DBCEDA /* PBXTargetDependency */ = {
			isa = PBXTargetDependency;
			target = 984AE8342D9904ED00DBCEDA /* PixelBabel */;
			targetProxy = 984AE8502D9904EE00DBCEDA /* PBXContainerItemProxy */;
		};
		98F98D252DBBCB81003FF91D /* PBXTargetDependency */ = {
			isa = PBXTargetDependency;
			target = 98F98D172DBBCB81003FF91D /* Utils */;
			targetProxy = 98F98D242DBBCB81003FF91D /* PBXContainerItemProxy */;
		};
		98F98D272DBBCB81003FF91D /* PBXTargetDependency */ = {
			isa = PBXTargetDependency;
			target = 984AE8342D9904ED00DBCEDA /* PixelBabel */;
			targetProxy = 98F98D262DBBCB81003FF91D /* PBXContainerItemProxy */;
		};
		98F98D2C2DBBCB81003FF91D /* PBXTargetDependency */ = {
			isa = PBXTargetDependency;
			target = 98F98D172DBBCB81003FF91D /* Utils */;
			targetProxy = 98F98D2B2DBBCB81003FF91D /* PBXContainerItemProxy */;
		};
		98FFBFDE2DBEBDD400C161DB /* PBXTargetDependency */ = {
			isa = PBXTargetDependency;
			target = 98FFBFD02DBEBDD400C161DB /* CelLGridView */;
			targetProxy = 98FFBFDD2DBEBDD400C161DB /* PBXContainerItemProxy */;
		};
		98FFBFE02DBEBDD400C161DB /* PBXTargetDependency */ = {
			isa = PBXTargetDependency;
			target = 984AE8342D9904ED00DBCEDA /* PixelBabel */;
			targetProxy = 98FFBFDF2DBEBDD400C161DB /* PBXContainerItemProxy */;
		};
		98FFBFE52DBEBDD400C161DB /* PBXTargetDependency */ = {
			isa = PBXTargetDependency;
			target = 98FFBFD02DBEBDD400C161DB /* CelLGridView */;
			targetProxy = 98FFBFE42DBEBDD400C161DB /* PBXContainerItemProxy */;
		};
/* End PBXTargetDependency section */

/* Begin XCBuildConfiguration section */
		984AE8572D9904EE00DBCEDA /* Debug */ = {
			isa = XCBuildConfiguration;
			buildSettings = {
				ALWAYS_SEARCH_USER_PATHS = NO;
				ASSETCATALOG_COMPILER_GENERATE_SWIFT_ASSET_SYMBOL_EXTENSIONS = YES;
				CLANG_ANALYZER_NONNULL = YES;
				CLANG_ANALYZER_NUMBER_OBJECT_CONVERSION = YES_AGGRESSIVE;
				CLANG_CXX_LANGUAGE_STANDARD = "gnu++20";
				CLANG_ENABLE_MODULES = YES;
				CLANG_ENABLE_OBJC_ARC = YES;
				CLANG_ENABLE_OBJC_WEAK = YES;
				CLANG_WARN_BLOCK_CAPTURE_AUTORELEASING = YES;
				CLANG_WARN_BOOL_CONVERSION = YES;
				CLANG_WARN_COMMA = YES;
				CLANG_WARN_CONSTANT_CONVERSION = YES;
				CLANG_WARN_DEPRECATED_OBJC_IMPLEMENTATIONS = YES;
				CLANG_WARN_DIRECT_OBJC_ISA_USAGE = YES_ERROR;
				CLANG_WARN_DOCUMENTATION_COMMENTS = YES;
				CLANG_WARN_EMPTY_BODY = YES;
				CLANG_WARN_ENUM_CONVERSION = YES;
				CLANG_WARN_INFINITE_RECURSION = YES;
				CLANG_WARN_INT_CONVERSION = YES;
				CLANG_WARN_NON_LITERAL_NULL_CONVERSION = YES;
				CLANG_WARN_OBJC_IMPLICIT_RETAIN_SELF = YES;
				CLANG_WARN_OBJC_LITERAL_CONVERSION = YES;
				CLANG_WARN_OBJC_ROOT_CLASS = YES_ERROR;
				CLANG_WARN_QUOTED_INCLUDE_IN_FRAMEWORK_HEADER = YES;
				CLANG_WARN_RANGE_LOOP_ANALYSIS = YES;
				CLANG_WARN_STRICT_PROTOTYPES = YES;
				CLANG_WARN_SUSPICIOUS_MOVE = YES;
				CLANG_WARN_UNGUARDED_AVAILABILITY = YES_AGGRESSIVE;
				CLANG_WARN_UNREACHABLE_CODE = YES;
				CLANG_WARN__DUPLICATE_METHOD_MATCH = YES;
				COPY_PHASE_STRIP = NO;
				DEBUG_INFORMATION_FORMAT = dwarf;
				DEVELOPMENT_TEAM = N76S683655;
				ENABLE_STRICT_OBJC_MSGSEND = YES;
				ENABLE_TESTABILITY = YES;
				ENABLE_USER_SCRIPT_SANDBOXING = YES;
				GCC_C_LANGUAGE_STANDARD = gnu17;
				GCC_DYNAMIC_NO_PIC = NO;
				GCC_NO_COMMON_BLOCKS = YES;
				GCC_OPTIMIZATION_LEVEL = 0;
				GCC_PREPROCESSOR_DEFINITIONS = (
					"DEBUG=1",
					"$(inherited)",
				);
				GCC_WARN_64_TO_32_BIT_CONVERSION = YES;
				GCC_WARN_ABOUT_RETURN_TYPE = YES_ERROR;
				GCC_WARN_UNDECLARED_SELECTOR = YES;
				GCC_WARN_UNINITIALIZED_AUTOS = YES_AGGRESSIVE;
				GCC_WARN_UNUSED_FUNCTION = YES;
				GCC_WARN_UNUSED_VARIABLE = YES;
				IPHONEOS_DEPLOYMENT_TARGET = 17.5;
				LOCALIZATION_PREFERS_STRING_CATALOGS = YES;
				MTL_ENABLE_DEBUG_INFO = INCLUDE_SOURCE;
				MTL_FAST_MATH = YES;
				ONLY_ACTIVE_ARCH = YES;
				SDKROOT = iphoneos;
				SWIFT_ACTIVE_COMPILATION_CONDITIONS = "DEBUG $(inherited)";
				SWIFT_OPTIMIZATION_LEVEL = "-Onone";
			};
			name = Debug;
		};
		984AE8582D9904EE00DBCEDA /* Release */ = {
			isa = XCBuildConfiguration;
			buildSettings = {
				ALWAYS_SEARCH_USER_PATHS = NO;
				ASSETCATALOG_COMPILER_GENERATE_SWIFT_ASSET_SYMBOL_EXTENSIONS = YES;
				CLANG_ANALYZER_NONNULL = YES;
				CLANG_ANALYZER_NUMBER_OBJECT_CONVERSION = YES_AGGRESSIVE;
				CLANG_CXX_LANGUAGE_STANDARD = "gnu++20";
				CLANG_ENABLE_MODULES = YES;
				CLANG_ENABLE_OBJC_ARC = YES;
				CLANG_ENABLE_OBJC_WEAK = YES;
				CLANG_WARN_BLOCK_CAPTURE_AUTORELEASING = YES;
				CLANG_WARN_BOOL_CONVERSION = YES;
				CLANG_WARN_COMMA = YES;
				CLANG_WARN_CONSTANT_CONVERSION = YES;
				CLANG_WARN_DEPRECATED_OBJC_IMPLEMENTATIONS = YES;
				CLANG_WARN_DIRECT_OBJC_ISA_USAGE = YES_ERROR;
				CLANG_WARN_DOCUMENTATION_COMMENTS = YES;
				CLANG_WARN_EMPTY_BODY = YES;
				CLANG_WARN_ENUM_CONVERSION = YES;
				CLANG_WARN_INFINITE_RECURSION = YES;
				CLANG_WARN_INT_CONVERSION = YES;
				CLANG_WARN_NON_LITERAL_NULL_CONVERSION = YES;
				CLANG_WARN_OBJC_IMPLICIT_RETAIN_SELF = YES;
				CLANG_WARN_OBJC_LITERAL_CONVERSION = YES;
				CLANG_WARN_OBJC_ROOT_CLASS = YES_ERROR;
				CLANG_WARN_QUOTED_INCLUDE_IN_FRAMEWORK_HEADER = YES;
				CLANG_WARN_RANGE_LOOP_ANALYSIS = YES;
				CLANG_WARN_STRICT_PROTOTYPES = YES;
				CLANG_WARN_SUSPICIOUS_MOVE = YES;
				CLANG_WARN_UNGUARDED_AVAILABILITY = YES_AGGRESSIVE;
				CLANG_WARN_UNREACHABLE_CODE = YES;
				CLANG_WARN__DUPLICATE_METHOD_MATCH = YES;
				COPY_PHASE_STRIP = NO;
				DEBUG_INFORMATION_FORMAT = "dwarf-with-dsym";
				DEVELOPMENT_TEAM = N76S683655;
				ENABLE_NS_ASSERTIONS = NO;
				ENABLE_STRICT_OBJC_MSGSEND = YES;
				ENABLE_USER_SCRIPT_SANDBOXING = YES;
				GCC_C_LANGUAGE_STANDARD = gnu17;
				GCC_NO_COMMON_BLOCKS = YES;
				GCC_WARN_64_TO_32_BIT_CONVERSION = YES;
				GCC_WARN_ABOUT_RETURN_TYPE = YES_ERROR;
				GCC_WARN_UNDECLARED_SELECTOR = YES;
				GCC_WARN_UNINITIALIZED_AUTOS = YES_AGGRESSIVE;
				GCC_WARN_UNUSED_FUNCTION = YES;
				GCC_WARN_UNUSED_VARIABLE = YES;
				IPHONEOS_DEPLOYMENT_TARGET = 17.5;
				LOCALIZATION_PREFERS_STRING_CATALOGS = YES;
				MTL_ENABLE_DEBUG_INFO = NO;
				MTL_FAST_MATH = YES;
				SDKROOT = iphoneos;
				SWIFT_COMPILATION_MODE = wholemodule;
				VALIDATE_PRODUCT = YES;
			};
			name = Release;
		};
		984AE85A2D9904EE00DBCEDA /* Debug */ = {
			isa = XCBuildConfiguration;
			buildSettings = {
				ASSETCATALOG_COMPILER_APPICON_NAME = AppIcon;
				ASSETCATALOG_COMPILER_GLOBAL_ACCENT_COLOR_NAME = AccentColor;
				CODE_SIGN_STYLE = Automatic;
				CURRENT_PROJECT_VERSION = 1;
				DEVELOPMENT_ASSET_PATHS = "\"PixelBabel/Preview Content\"";
				ENABLE_PREVIEWS = YES;
				GENERATE_INFOPLIST_FILE = YES;
				INFOPLIST_KEY_UIApplicationSceneManifest_Generation = YES;
				INFOPLIST_KEY_UIApplicationSupportsIndirectInputEvents = YES;
				INFOPLIST_KEY_UILaunchScreen_Generation = YES;
				INFOPLIST_KEY_UISupportedInterfaceOrientations_iPad = "UIInterfaceOrientationPortrait UIInterfaceOrientationPortraitUpsideDown UIInterfaceOrientationLandscapeLeft UIInterfaceOrientationLandscapeRight";
				INFOPLIST_KEY_UISupportedInterfaceOrientations_iPhone = "UIInterfaceOrientationPortrait UIInterfaceOrientationLandscapeLeft UIInterfaceOrientationLandscapeRight";
				LD_RUNPATH_SEARCH_PATHS = (
					"$(inherited)",
					"@executable_path/Frameworks",
				);
				MARKETING_VERSION = 1.2;
				PRODUCT_BUNDLE_IDENTIFIER = com.dmichaels.prufrock.PixelBabel;
				PRODUCT_NAME = "$(TARGET_NAME)";
				SUPPORTED_PLATFORMS = "iphoneos iphonesimulator";
				SUPPORTS_MACCATALYST = NO;
				SUPPORTS_MAC_DESIGNED_FOR_IPHONE_IPAD = NO;
				SUPPORTS_XR_DESIGNED_FOR_IPHONE_IPAD = NO;
				SWIFT_EMIT_LOC_STRINGS = YES;
				SWIFT_VERSION = 5.0;
				TARGETED_DEVICE_FAMILY = "1,2";
			};
			name = Debug;
		};
		984AE85B2D9904EE00DBCEDA /* Release */ = {
			isa = XCBuildConfiguration;
			buildSettings = {
				ASSETCATALOG_COMPILER_APPICON_NAME = AppIcon;
				ASSETCATALOG_COMPILER_GLOBAL_ACCENT_COLOR_NAME = AccentColor;
				CODE_SIGN_STYLE = Automatic;
				CURRENT_PROJECT_VERSION = 1;
				DEVELOPMENT_ASSET_PATHS = "\"PixelBabel/Preview Content\"";
				ENABLE_PREVIEWS = YES;
				GENERATE_INFOPLIST_FILE = YES;
				INFOPLIST_KEY_UIApplicationSceneManifest_Generation = YES;
				INFOPLIST_KEY_UIApplicationSupportsIndirectInputEvents = YES;
				INFOPLIST_KEY_UILaunchScreen_Generation = YES;
				INFOPLIST_KEY_UISupportedInterfaceOrientations_iPad = "UIInterfaceOrientationPortrait UIInterfaceOrientationPortraitUpsideDown UIInterfaceOrientationLandscapeLeft UIInterfaceOrientationLandscapeRight";
				INFOPLIST_KEY_UISupportedInterfaceOrientations_iPhone = "UIInterfaceOrientationPortrait UIInterfaceOrientationLandscapeLeft UIInterfaceOrientationLandscapeRight";
				LD_RUNPATH_SEARCH_PATHS = (
					"$(inherited)",
					"@executable_path/Frameworks",
				);
				MARKETING_VERSION = 1.2;
				PRODUCT_BUNDLE_IDENTIFIER = com.dmichaels.prufrock.PixelBabel;
				PRODUCT_NAME = "$(TARGET_NAME)";
				SUPPORTED_PLATFORMS = "iphoneos iphonesimulator";
				SUPPORTS_MACCATALYST = NO;
				SUPPORTS_MAC_DESIGNED_FOR_IPHONE_IPAD = NO;
				SUPPORTS_XR_DESIGNED_FOR_IPHONE_IPAD = NO;
				SWIFT_EMIT_LOC_STRINGS = YES;
				SWIFT_VERSION = 5.0;
				TARGETED_DEVICE_FAMILY = "1,2";
			};
			name = Release;
		};
		984AE85D2D9904EE00DBCEDA /* Debug */ = {
			isa = XCBuildConfiguration;
			buildSettings = {
				BUNDLE_LOADER = "$(TEST_HOST)";
				CODE_SIGN_STYLE = Automatic;
				CURRENT_PROJECT_VERSION = 1;
				GENERATE_INFOPLIST_FILE = YES;
				IPHONEOS_DEPLOYMENT_TARGET = 17.5;
				MARKETING_VERSION = 1.0;
				PRODUCT_BUNDLE_IDENTIFIER = com.dmichaels.prufrock.PixelBabelTests;
				PRODUCT_NAME = "$(TARGET_NAME)";
				SWIFT_EMIT_LOC_STRINGS = NO;
				SWIFT_VERSION = 5.0;
				TARGETED_DEVICE_FAMILY = "1,2";
				TEST_HOST = "$(BUILT_PRODUCTS_DIR)/PixelBabel.app/$(BUNDLE_EXECUTABLE_FOLDER_PATH)/PixelBabel";
			};
			name = Debug;
		};
		984AE85E2D9904EE00DBCEDA /* Release */ = {
			isa = XCBuildConfiguration;
			buildSettings = {
				BUNDLE_LOADER = "$(TEST_HOST)";
				CODE_SIGN_STYLE = Automatic;
				CURRENT_PROJECT_VERSION = 1;
				GENERATE_INFOPLIST_FILE = YES;
				IPHONEOS_DEPLOYMENT_TARGET = 17.5;
				MARKETING_VERSION = 1.0;
				PRODUCT_BUNDLE_IDENTIFIER = com.dmichaels.prufrock.PixelBabelTests;
				PRODUCT_NAME = "$(TARGET_NAME)";
				SWIFT_EMIT_LOC_STRINGS = NO;
				SWIFT_VERSION = 5.0;
				TARGETED_DEVICE_FAMILY = "1,2";
				TEST_HOST = "$(BUILT_PRODUCTS_DIR)/PixelBabel.app/$(BUNDLE_EXECUTABLE_FOLDER_PATH)/PixelBabel";
			};
			name = Release;
		};
		984AE8602D9904EE00DBCEDA /* Debug */ = {
			isa = XCBuildConfiguration;
			buildSettings = {
				CODE_SIGN_STYLE = Automatic;
				CURRENT_PROJECT_VERSION = 1;
				GENERATE_INFOPLIST_FILE = YES;
				MARKETING_VERSION = 1.0;
				PRODUCT_BUNDLE_IDENTIFIER = com.dmichaels.prufrock.PixelBabelUITests;
				PRODUCT_NAME = "$(TARGET_NAME)";
				SWIFT_EMIT_LOC_STRINGS = NO;
				SWIFT_VERSION = 5.0;
				TARGETED_DEVICE_FAMILY = "1,2";
				TEST_TARGET_NAME = PixelBabel;
			};
			name = Debug;
		};
		984AE8612D9904EE00DBCEDA /* Release */ = {
			isa = XCBuildConfiguration;
			buildSettings = {
				CODE_SIGN_STYLE = Automatic;
				CURRENT_PROJECT_VERSION = 1;
				GENERATE_INFOPLIST_FILE = YES;
				MARKETING_VERSION = 1.0;
				PRODUCT_BUNDLE_IDENTIFIER = com.dmichaels.prufrock.PixelBabelUITests;
				PRODUCT_NAME = "$(TARGET_NAME)";
				SWIFT_EMIT_LOC_STRINGS = NO;
				SWIFT_VERSION = 5.0;
				TARGETED_DEVICE_FAMILY = "1,2";
				TEST_TARGET_NAME = PixelBabel;
			};
			name = Release;
		};
		98F98D302DBBCB81003FF91D /* Debug */ = {
			isa = XCBuildConfiguration;
			buildSettings = {
				BUILD_LIBRARY_FOR_DISTRIBUTION = YES;
				CODE_SIGN_IDENTITY = "";
				CODE_SIGN_STYLE = Automatic;
				CURRENT_PROJECT_VERSION = 1;
				DYLIB_COMPATIBILITY_VERSION = 1;
				DYLIB_CURRENT_VERSION = 1;
				DYLIB_INSTALL_NAME_BASE = "@rpath";
				ENABLE_MODULE_VERIFIER = YES;
				GENERATE_INFOPLIST_FILE = YES;
				INFOPLIST_KEY_NSHumanReadableCopyright = "";
				INSTALL_PATH = "$(LOCAL_LIBRARY_DIR)/Frameworks";
				IPHONEOS_DEPLOYMENT_TARGET = 18.4;
				LD_RUNPATH_SEARCH_PATHS = (
					"$(inherited)",
					"@executable_path/Frameworks",
					"@loader_path/Frameworks",
				);
				MARKETING_VERSION = 1.0;
				MODULE_VERIFIER_SUPPORTED_LANGUAGES = "objective-c objective-c++";
				MODULE_VERIFIER_SUPPORTED_LANGUAGE_STANDARDS = "gnu17 gnu++20";
				PRODUCT_BUNDLE_IDENTIFIER = com.dmichaels.prufrock.Utils;
				PRODUCT_NAME = "$(TARGET_NAME:c99extidentifier)";
				SKIP_INSTALL = YES;
				SWIFT_EMIT_LOC_STRINGS = YES;
				SWIFT_INSTALL_MODULE = YES;
				SWIFT_INSTALL_OBJC_HEADER = NO;
				SWIFT_VERSION = 5.0;
				TARGETED_DEVICE_FAMILY = "1,2";
				VERSIONING_SYSTEM = "apple-generic";
				VERSION_INFO_PREFIX = "";
			};
			name = Debug;
		};
		98F98D312DBBCB81003FF91D /* Release */ = {
			isa = XCBuildConfiguration;
			buildSettings = {
				BUILD_LIBRARY_FOR_DISTRIBUTION = YES;
				CODE_SIGN_IDENTITY = "";
				CODE_SIGN_STYLE = Automatic;
				CURRENT_PROJECT_VERSION = 1;
				DYLIB_COMPATIBILITY_VERSION = 1;
				DYLIB_CURRENT_VERSION = 1;
				DYLIB_INSTALL_NAME_BASE = "@rpath";
				ENABLE_MODULE_VERIFIER = YES;
				GENERATE_INFOPLIST_FILE = YES;
				INFOPLIST_KEY_NSHumanReadableCopyright = "";
				INSTALL_PATH = "$(LOCAL_LIBRARY_DIR)/Frameworks";
				IPHONEOS_DEPLOYMENT_TARGET = 18.4;
				LD_RUNPATH_SEARCH_PATHS = (
					"$(inherited)",
					"@executable_path/Frameworks",
					"@loader_path/Frameworks",
				);
				MARKETING_VERSION = 1.0;
				MODULE_VERIFIER_SUPPORTED_LANGUAGES = "objective-c objective-c++";
				MODULE_VERIFIER_SUPPORTED_LANGUAGE_STANDARDS = "gnu17 gnu++20";
				PRODUCT_BUNDLE_IDENTIFIER = com.dmichaels.prufrock.Utils;
				PRODUCT_NAME = "$(TARGET_NAME:c99extidentifier)";
				SKIP_INSTALL = YES;
				SWIFT_EMIT_LOC_STRINGS = YES;
				SWIFT_INSTALL_MODULE = YES;
				SWIFT_INSTALL_OBJC_HEADER = NO;
				SWIFT_VERSION = 5.0;
				TARGETED_DEVICE_FAMILY = "1,2";
				VERSIONING_SYSTEM = "apple-generic";
				VERSION_INFO_PREFIX = "";
			};
			name = Release;
		};
		98F98D342DBBCB81003FF91D /* Debug */ = {
			isa = XCBuildConfiguration;
			buildSettings = {
				CODE_SIGN_STYLE = Automatic;
				CURRENT_PROJECT_VERSION = 1;
				GENERATE_INFOPLIST_FILE = YES;
				IPHONEOS_DEPLOYMENT_TARGET = 18.4;
				MARKETING_VERSION = 1.0;
				PRODUCT_BUNDLE_IDENTIFIER = com.dmichaels.prufrock.UtilsTests;
				PRODUCT_NAME = "$(TARGET_NAME)";
				SWIFT_EMIT_LOC_STRINGS = NO;
				SWIFT_VERSION = 5.0;
				TARGETED_DEVICE_FAMILY = "1,2";
				TEST_HOST = "$(BUILT_PRODUCTS_DIR)/PixelBabel.app/$(BUNDLE_EXECUTABLE_FOLDER_PATH)/PixelBabel";
			};
			name = Debug;
		};
		98F98D352DBBCB81003FF91D /* Release */ = {
			isa = XCBuildConfiguration;
			buildSettings = {
				CODE_SIGN_STYLE = Automatic;
				CURRENT_PROJECT_VERSION = 1;
				GENERATE_INFOPLIST_FILE = YES;
				IPHONEOS_DEPLOYMENT_TARGET = 18.4;
				MARKETING_VERSION = 1.0;
				PRODUCT_BUNDLE_IDENTIFIER = com.dmichaels.prufrock.UtilsTests;
				PRODUCT_NAME = "$(TARGET_NAME)";
				SWIFT_EMIT_LOC_STRINGS = NO;
				SWIFT_VERSION = 5.0;
				TARGETED_DEVICE_FAMILY = "1,2";
				TEST_HOST = "$(BUILT_PRODUCTS_DIR)/PixelBabel.app/$(BUNDLE_EXECUTABLE_FOLDER_PATH)/PixelBabel";
			};
			name = Release;
		};
		98FFBFE82DBEBDD400C161DB /* Debug */ = {
			isa = XCBuildConfiguration;
			buildSettings = {
				BUILD_LIBRARY_FOR_DISTRIBUTION = YES;
				CODE_SIGN_IDENTITY = "";
				CODE_SIGN_STYLE = Automatic;
				CURRENT_PROJECT_VERSION = 1;
				DYLIB_COMPATIBILITY_VERSION = 1;
				DYLIB_CURRENT_VERSION = 1;
				DYLIB_INSTALL_NAME_BASE = "@rpath";
				ENABLE_MODULE_VERIFIER = YES;
				GENERATE_INFOPLIST_FILE = YES;
				INFOPLIST_KEY_NSHumanReadableCopyright = "";
				INSTALL_PATH = "$(LOCAL_LIBRARY_DIR)/Frameworks";
				IPHONEOS_DEPLOYMENT_TARGET = 18.4;
				LD_RUNPATH_SEARCH_PATHS = (
					"$(inherited)",
					"@executable_path/Frameworks",
					"@loader_path/Frameworks",
				);
				MARKETING_VERSION = 1.0;
				MODULE_VERIFIER_SUPPORTED_LANGUAGES = "objective-c objective-c++";
				MODULE_VERIFIER_SUPPORTED_LANGUAGE_STANDARDS = "gnu17 gnu++20";
				PRODUCT_BUNDLE_IDENTIFIER = com.dmichaels.prufrock.CelLGridView;
				PRODUCT_NAME = "$(TARGET_NAME:c99extidentifier)";
				SKIP_INSTALL = YES;
				SWIFT_EMIT_LOC_STRINGS = YES;
				SWIFT_INSTALL_MODULE = YES;
				SWIFT_INSTALL_OBJC_HEADER = NO;
				SWIFT_VERSION = 5.0;
				TARGETED_DEVICE_FAMILY = "1,2";
				VERSIONING_SYSTEM = "apple-generic";
				VERSION_INFO_PREFIX = "";
			};
			name = Debug;
		};
		98FFBFE92DBEBDD400C161DB /* Release */ = {
			isa = XCBuildConfiguration;
			buildSettings = {
				BUILD_LIBRARY_FOR_DISTRIBUTION = YES;
				CODE_SIGN_IDENTITY = "";
				CODE_SIGN_STYLE = Automatic;
				CURRENT_PROJECT_VERSION = 1;
				DYLIB_COMPATIBILITY_VERSION = 1;
				DYLIB_CURRENT_VERSION = 1;
				DYLIB_INSTALL_NAME_BASE = "@rpath";
				ENABLE_MODULE_VERIFIER = YES;
				GENERATE_INFOPLIST_FILE = YES;
				INFOPLIST_KEY_NSHumanReadableCopyright = "";
				INSTALL_PATH = "$(LOCAL_LIBRARY_DIR)/Frameworks";
				IPHONEOS_DEPLOYMENT_TARGET = 18.4;
				LD_RUNPATH_SEARCH_PATHS = (
					"$(inherited)",
					"@executable_path/Frameworks",
					"@loader_path/Frameworks",
				);
				MARKETING_VERSION = 1.0;
				MODULE_VERIFIER_SUPPORTED_LANGUAGES = "objective-c objective-c++";
				MODULE_VERIFIER_SUPPORTED_LANGUAGE_STANDARDS = "gnu17 gnu++20";
				PRODUCT_BUNDLE_IDENTIFIER = com.dmichaels.prufrock.CelLGridView;
				PRODUCT_NAME = "$(TARGET_NAME:c99extidentifier)";
				SKIP_INSTALL = YES;
				SWIFT_EMIT_LOC_STRINGS = YES;
				SWIFT_INSTALL_MODULE = YES;
				SWIFT_INSTALL_OBJC_HEADER = NO;
				SWIFT_VERSION = 5.0;
				TARGETED_DEVICE_FAMILY = "1,2";
				VERSIONING_SYSTEM = "apple-generic";
				VERSION_INFO_PREFIX = "";
			};
			name = Release;
		};
		98FFBFEA2DBEBDD400C161DB /* Debug */ = {
			isa = XCBuildConfiguration;
			buildSettings = {
				CODE_SIGN_STYLE = Automatic;
				CURRENT_PROJECT_VERSION = 1;
				GENERATE_INFOPLIST_FILE = YES;
				IPHONEOS_DEPLOYMENT_TARGET = 18.4;
				MARKETING_VERSION = 1.0;
				PRODUCT_BUNDLE_IDENTIFIER = com.dmichaels.prufrock.CellGridTests;
				PRODUCT_NAME = "$(TARGET_NAME)";
				SWIFT_EMIT_LOC_STRINGS = NO;
				SWIFT_VERSION = 5.0;
				TARGETED_DEVICE_FAMILY = "1,2";
				TEST_HOST = "$(BUILT_PRODUCTS_DIR)/PixelBabel.app/$(BUNDLE_EXECUTABLE_FOLDER_PATH)/PixelBabel";
			};
			name = Debug;
		};
		98FFBFEB2DBEBDD400C161DB /* Release */ = {
			isa = XCBuildConfiguration;
			buildSettings = {
				CODE_SIGN_STYLE = Automatic;
				CURRENT_PROJECT_VERSION = 1;
				GENERATE_INFOPLIST_FILE = YES;
				IPHONEOS_DEPLOYMENT_TARGET = 18.4;
				MARKETING_VERSION = 1.0;
				PRODUCT_BUNDLE_IDENTIFIER = com.dmichaels.prufrock.CellGridTests;
				PRODUCT_NAME = "$(TARGET_NAME)";
				SWIFT_EMIT_LOC_STRINGS = NO;
				SWIFT_VERSION = 5.0;
				TARGETED_DEVICE_FAMILY = "1,2";
				TEST_HOST = "$(BUILT_PRODUCTS_DIR)/PixelBabel.app/$(BUNDLE_EXECUTABLE_FOLDER_PATH)/PixelBabel";
			};
			name = Release;
		};
/* End XCBuildConfiguration section */

/* Begin XCConfigurationList section */
		984AE8302D9904ED00DBCEDA /* Build configuration list for PBXProject "PixelBabel" */ = {
			isa = XCConfigurationList;
			buildConfigurations = (
				984AE8572D9904EE00DBCEDA /* Debug */,
				984AE8582D9904EE00DBCEDA /* Release */,
			);
			defaultConfigurationIsVisible = 0;
			defaultConfigurationName = Release;
		};
		984AE8592D9904EE00DBCEDA /* Build configuration list for PBXNativeTarget "PixelBabel" */ = {
			isa = XCConfigurationList;
			buildConfigurations = (
				984AE85A2D9904EE00DBCEDA /* Debug */,
				984AE85B2D9904EE00DBCEDA /* Release */,
			);
			defaultConfigurationIsVisible = 0;
			defaultConfigurationName = Release;
		};
		984AE85C2D9904EE00DBCEDA /* Build configuration list for PBXNativeTarget "PixelBabelTests" */ = {
			isa = XCConfigurationList;
			buildConfigurations = (
				984AE85D2D9904EE00DBCEDA /* Debug */,
				984AE85E2D9904EE00DBCEDA /* Release */,
			);
			defaultConfigurationIsVisible = 0;
			defaultConfigurationName = Release;
		};
		984AE85F2D9904EE00DBCEDA /* Build configuration list for PBXNativeTarget "PixelBabelUITests" */ = {
			isa = XCConfigurationList;
			buildConfigurations = (
				984AE8602D9904EE00DBCEDA /* Debug */,
				984AE8612D9904EE00DBCEDA /* Release */,
			);
			defaultConfigurationIsVisible = 0;
			defaultConfigurationName = Release;
		};
		98F98D2F2DBBCB81003FF91D /* Build configuration list for PBXNativeTarget "Utils" */ = {
			isa = XCConfigurationList;
			buildConfigurations = (
				98F98D302DBBCB81003FF91D /* Debug */,
				98F98D312DBBCB81003FF91D /* Release */,
			);
			defaultConfigurationIsVisible = 0;
			defaultConfigurationName = Release;
		};
		98F98D332DBBCB81003FF91D /* Build configuration list for PBXNativeTarget "UtilsTests" */ = {
			isa = XCConfigurationList;
			buildConfigurations = (
				98F98D342DBBCB81003FF91D /* Debug */,
				98F98D352DBBCB81003FF91D /* Release */,
			);
			defaultConfigurationIsVisible = 0;
			defaultConfigurationName = Release;
		};
		98FFBFEC2DBEBDD400C161DB /* Build configuration list for PBXNativeTarget "CelLGridView" */ = {
			isa = XCConfigurationList;
			buildConfigurations = (
				98FFBFE82DBEBDD400C161DB /* Debug */,
				98FFBFE92DBEBDD400C161DB /* Release */,
			);
			defaultConfigurationIsVisible = 0;
			defaultConfigurationName = Release;
		};
		98FFBFED2DBEBDD400C161DB /* Build configuration list for PBXNativeTarget "CellGridTests" */ = {
			isa = XCConfigurationList;
			buildConfigurations = (
				98FFBFEA2DBEBDD400C161DB /* Debug */,
				98FFBFEB2DBEBDD400C161DB /* Release */,
			);
			defaultConfigurationIsVisible = 0;
			defaultConfigurationName = Release;
		};
/* End XCConfigurationList section */
	};
	rootObject = 984AE82D2D9904ED00DBCEDA /* Project object */;
}
